
Microsoft Visual Studio Solution File, Format Version 12.00
# Visual Studio Version 17
VisualStudioVersion = 17.5.2.0
MinimumVisualStudioVersion = 10.0.40219.1
Project("{2150E333-8FDC-42A3-9474-1A3956D46DE8}") = "src", "src", "{827E0CD3-B72D-47B6-A68D-7590B98EB39B}"
EndProject
Project("{FAE04EC0-301F-11D3-BF4B-00C04F79EFBC}") = "TradeTrack.Api", "src\TradeTrack.Api\TradeTrack.Api.csproj", "{D1E1793B-7B9E-49FD-8158-CADC4432E68D}"
EndProject
Project("{FAE04EC0-301F-11D3-BF4B-00C04F79EFBC}") = "TradeTrack.Application", "src\TradeTrack.Application\TradeTrack.Application.csproj", "{7C2EEAEC-BB82-44B2-9AA9-FF346CF62A7A}"
EndProject
Project("{FAE04EC0-301F-11D3-BF4B-00C04F79EFBC}") = "TradeTrack.Domain", "src\TradeTrack.Domain\TradeTrack.Domain.csproj", "{94FB4256-327E-470F-A8CA-AD163C83BC25}"
EndProject
Project("{FAE04EC0-301F-11D3-BF4B-00C04F79EFBC}") = "TradeTrack.Infrastructure", "src\TradeTrack.Infrastructure\TradeTrack.Infrastructure.csproj", "{46F642A1-7C1F-414F-8B30-0A2D80F73A17}"
EndProject
Project("{2150E333-8FDC-42A3-9474-1A3956D46DE8}") = "tests", "tests", "{0AB3BF05-4346-4AA6-1389-037BE0695223}"
EndProject
Project("{FAE04EC0-301F-11D3-BF4B-00C04F79EFBC}") = "TradeTrack.Api.Tests", "tests\TradeTrack.Api.Tests\TradeTrack.Api.Tests.csproj", "{989352A6-E5E7-48E0-9EF0-5BB209105EC7}"
EndProject
Project("{FAE04EC0-301F-11D3-BF4B-00C04F79EFBC}") = "TradeTrack.Application.Tests", "tests\TradeTrack.Application.Tests\TradeTrack.Application.Tests.csproj", "{1163C209-EA88-4041-8322-6676A188D784}"
EndProject
Project("{FAE04EC0-301F-11D3-BF4B-00C04F79EFBC}") = "TradeTrack.Domain.Tests", "tests\TradeTrack.Domain.Tests\TradeTrack.Domain.Tests.csproj", "{605FC8AB-AD84-4B73-8600-7935BD4B5D63}"
EndProject
Global
	GlobalSection(SolutionConfigurationPlatforms) = preSolution
		Debug|Any CPU = Debug|Any CPU
		Debug|x64 = Debug|x64
		Debug|x86 = Debug|x86
		Release|Any CPU = Release|Any CPU
		Release|x64 = Release|x64
		Release|x86 = Release|x86
	EndGlobalSection
	GlobalSection(ProjectConfigurationPlatforms) = postSolution
		{D1E1793B-7B9E-49FD-8158-CADC4432E68D}.Debug|Any CPU.ActiveCfg = Debug|Any CPU
		{D1E1793B-7B9E-49FD-8158-CADC4432E68D}.Debug|Any CPU.Build.0 = Debug|Any CPU
		{D1E1793B-7B9E-49FD-8158-CADC4432E68D}.Debug|x64.ActiveCfg = Debug|Any CPU
		{D1E1793B-7B9E-49FD-8158-CADC4432E68D}.Debug|x64.Build.0 = Debug|Any CPU
		{D1E1793B-7B9E-49FD-8158-CADC4432E68D}.Debug|x86.ActiveCfg = Debug|Any CPU
		{D1E1793B-7B9E-49FD-8158-CADC4432E68D}.Debug|x86.Build.0 = Debug|Any CPU
		{D1E1793B-7B9E-49FD-8158-CADC4432E68D}.Release|Any CPU.ActiveCfg = Release|Any CPU
		{D1E1793B-7B9E-49FD-8158-CADC4432E68D}.Release|Any CPU.Build.0 = Release|Any CPU
		{D1E1793B-7B9E-49FD-8158-CADC4432E68D}.Release|x64.ActiveCfg = Release|Any CPU
		{D1E1793B-7B9E-49FD-8158-CADC4432E68D}.Release|x64.Build.0 = Release|Any CPU
		{D1E1793B-7B9E-49FD-8158-CADC4432E68D}.Release|x86.ActiveCfg = Release|Any CPU
		{D1E1793B-7B9E-49FD-8158-CADC4432E68D}.Release|x86.Build.0 = Release|Any CPU
		{7C2EEAEC-BB82-44B2-9AA9-FF346CF62A7A}.Debug|Any CPU.ActiveCfg = Debug|Any CPU
		{7C2EEAEC-BB82-44B2-9AA9-FF346CF62A7A}.Debug|Any CPU.Build.0 = Debug|Any CPU
		{7C2EEAEC-BB82-44B2-9AA9-FF346CF62A7A}.Debug|x64.ActiveCfg = Debug|Any CPU
		{7C2EEAEC-BB82-44B2-9AA9-FF346CF62A7A}.Debug|x64.Build.0 = Debug|Any CPU
		{7C2EEAEC-BB82-44B2-9AA9-FF346CF62A7A}.Debug|x86.ActiveCfg = Debug|Any CPU
		{7C2EEAEC-BB82-44B2-9AA9-FF346CF62A7A}.Debug|x86.Build.0 = Debug|Any CPU
		{7C2EEAEC-BB82-44B2-9AA9-FF346CF62A7A}.Release|Any CPU.ActiveCfg = Release|Any CPU
		{7C2EEAEC-BB82-44B2-9AA9-FF346CF62A7A}.Release|Any CPU.Build.0 = Release|Any CPU
		{7C2EEAEC-BB82-44B2-9AA9-FF346CF62A7A}.Release|x64.ActiveCfg = Release|Any CPU
		{7C2EEAEC-BB82-44B2-9AA9-FF346CF62A7A}.Release|x64.Build.0 = Release|Any CPU
		{7C2EEAEC-BB82-44B2-9AA9-FF346CF62A7A}.Release|x86.ActiveCfg = Release|Any CPU
		{7C2EEAEC-BB82-44B2-9AA9-FF346CF62A7A}.Release|x86.Build.0 = Release|Any CPU
		{94FB4256-327E-470F-A8CA-AD163C83BC25}.Debug|Any CPU.ActiveCfg = Debug|Any CPU
		{94FB4256-327E-470F-A8CA-AD163C83BC25}.Debug|Any CPU.Build.0 = Debug|Any CPU
		{94FB4256-327E-470F-A8CA-AD163C83BC25}.Debug|x64.ActiveCfg = Debug|Any CPU
		{94FB4256-327E-470F-A8CA-AD163C83BC25}.Debug|x64.Build.0 = Debug|Any CPU
		{94FB4256-327E-470F-A8CA-AD163C83BC25}.Debug|x86.ActiveCfg = Debug|Any CPU
		{94FB4256-327E-470F-A8CA-AD163C83BC25}.Debug|x86.Build.0 = Debug|Any CPU
		{94FB4256-327E-470F-A8CA-AD163C83BC25}.Release|Any CPU.ActiveCfg = Release|Any CPU
		{94FB4256-327E-470F-A8CA-AD163C83BC25}.Release|Any CPU.Build.0 = Release|Any CPU
		{94FB4256-327E-470F-A8CA-AD163C83BC25}.Release|x64.ActiveCfg = Release|Any CPU
		{94FB4256-327E-470F-A8CA-AD163C83BC25}.Release|x64.Build.0 = Release|Any CPU
		{94FB4256-327E-470F-A8CA-AD163C83BC25}.Release|x86.ActiveCfg = Release|Any CPU
		{94FB4256-327E-470F-A8CA-AD163C83BC25}.Release|x86.Build.0 = Release|Any CPU
		{46F642A1-7C1F-414F-8B30-0A2D80F73A17}.Debug|Any CPU.ActiveCfg = Debug|Any CPU
		{46F642A1-7C1F-414F-8B30-0A2D80F73A17}.Debug|Any CPU.Build.0 = Debug|Any CPU
		{46F642A1-7C1F-414F-8B30-0A2D80F73A17}.Debug|x64.ActiveCfg = Debug|Any CPU
		{46F642A1-7C1F-414F-8B30-0A2D80F73A17}.Debug|x64.Build.0 = Debug|Any CPU
		{46F642A1-7C1F-414F-8B30-0A2D80F73A17}.Debug|x86.ActiveCfg = Debug|Any CPU
		{46F642A1-7C1F-414F-8B30-0A2D80F73A17}.Debug|x86.Build.0 = Debug|Any CPU
		{46F642A1-7C1F-414F-8B30-0A2D80F73A17}.Release|Any CPU.ActiveCfg = Release|Any CPU
		{46F642A1-7C1F-414F-8B30-0A2D80F73A17}.Release|Any CPU.Build.0 = Release|Any CPU
		{46F642A1-7C1F-414F-8B30-0A2D80F73A17}.Release|x64.ActiveCfg = Release|Any CPU
		{46F642A1-7C1F-414F-8B30-0A2D80F73A17}.Release|x64.Build.0 = Release|Any CPU
		{46F642A1-7C1F-414F-8B30-0A2D80F73A17}.Release|x86.ActiveCfg = Release|Any CPU
		{46F642A1-7C1F-414F-8B30-0A2D80F73A17}.Release|x86.Build.0 = Release|Any CPU
		{989352A6-E5E7-48E0-9EF0-5BB209105EC7}.Debug|Any CPU.ActiveCfg = Debug|Any CPU
		{989352A6-E5E7-48E0-9EF0-5BB209105EC7}.Debug|Any CPU.Build.0 = Debug|Any CPU
		{989352A6-E5E7-48E0-9EF0-5BB209105EC7}.Debug|x64.ActiveCfg = Debug|Any CPU
		{989352A6-E5E7-48E0-9EF0-5BB209105EC7}.Debug|x64.Build.0 = Debug|Any CPU
		{989352A6-E5E7-48E0-9EF0-5BB209105EC7}.Debug|x86.ActiveCfg = Debug|Any CPU
		{989352A6-E5E7-48E0-9EF0-5BB209105EC7}.Debug|x86.Build.0 = Debug|Any CPU
		{989352A6-E5E7-48E0-9EF0-5BB209105EC7}.Release|Any CPU.ActiveCfg = Release|Any CPU
		{989352A6-E5E7-48E0-9EF0-5BB209105EC7}.Release|Any CPU.Build.0 = Release|Any CPU
		{989352A6-E5E7-48E0-9EF0-5BB209105EC7}.Release|x64.ActiveCfg = Release|Any CPU
		{989352A6-E5E7-48E0-9EF0-5BB209105EC7}.Release|x64.Build.0 = Release|Any CPU
		{989352A6-E5E7-48E0-9EF0-5BB209105EC7}.Release|x86.ActiveCfg = Release|Any CPU
		{989352A6-E5E7-48E0-9EF0-5BB209105EC7}.Release|x86.Build.0 = Release|Any CPU
		{1163C209-EA88-4041-8322-6676A188D784}.Debug|Any CPU.ActiveCfg = Debug|Any CPU
		{1163C209-EA88-4041-8322-6676A188D784}.Debug|Any CPU.Build.0 = Debug|Any CPU
		{1163C209-EA88-4041-8322-6676A188D784}.Debug|x64.ActiveCfg = Debug|Any CPU
		{1163C209-EA88-4041-8322-6676A188D784}.Debug|x64.Build.0 = Debug|Any CPU
		{1163C209-EA88-4041-8322-6676A188D784}.Debug|x86.ActiveCfg = Debug|Any CPU
		{1163C209-EA88-4041-8322-6676A188D784}.Debug|x86.Build.0 = Debug|Any CPU
		{1163C209-EA88-4041-8322-6676A188D784}.Release|Any CPU.ActiveCfg = Release|Any CPU
		{1163C209-EA88-4041-8322-6676A188D784}.Release|Any CPU.Build.0 = Release|Any CPU
		{1163C209-EA88-4041-8322-6676A188D784}.Release|x64.ActiveCfg = Release|Any CPU
		{1163C209-EA88-4041-8322-6676A188D784}.Release|x64.Build.0 = Release|Any CPU
		{1163C209-EA88-4041-8322-6676A188D784}.Release|x86.ActiveCfg = Release|Any CPU
		{1163C209-EA88-4041-8322-6676A188D784}.Release|x86.Build.0 = Release|Any CPU
		{605FC8AB-AD84-4B73-8600-7935BD4B5D63}.Debug|Any CPU.ActiveCfg = Debug|Any CPU
		{605FC8AB-AD84-4B73-8600-7935BD4B5D63}.Debug|Any CPU.Build.0 = Debug|Any CPU
		{605FC8AB-AD84-4B73-8600-7935BD4B5D63}.Debug|x64.ActiveCfg = Debug|Any CPU
		{605FC8AB-AD84-4B73-8600-7935BD4B5D63}.Debug|x64.Build.0 = Debug|Any CPU
		{605FC8AB-AD84-4B73-8600-7935BD4B5D63}.Debug|x86.ActiveCfg = Debug|Any CPU
		{605FC8AB-AD84-4B73-8600-7935BD4B5D63}.Debug|x86.Build.0 = Debug|Any CPU
		{605FC8AB-AD84-4B73-8600-7935BD4B5D63}.Release|Any CPU.ActiveCfg = Release|Any CPU
		{605FC8AB-AD84-4B73-8600-7935BD4B5D63}.Release|Any CPU.Build.0 = Release|Any CPU
		{605FC8AB-AD84-4B73-8600-7935BD4B5D63}.Release|x64.ActiveCfg = Release|Any CPU
		{605FC8AB-AD84-4B73-8600-7935BD4B5D63}.Release|x64.Build.0 = Release|Any CPU
		{605FC8AB-AD84-4B73-8600-7935BD4B5D63}.Release|x86.ActiveCfg = Release|Any CPU
		{605FC8AB-AD84-4B73-8600-7935BD4B5D63}.Release|x86.Build.0 = Release|Any CPU
	EndGlobalSection
	GlobalSection(SolutionProperties) = preSolution
		HideSolutionNode = FALSE
	EndGlobalSection
	GlobalSection(NestedProjects) = preSolution
		{D1E1793B-7B9E-49FD-8158-CADC4432E68D} = {827E0CD3-B72D-47B6-A68D-7590B98EB39B}
		{7C2EEAEC-BB82-44B2-9AA9-FF346CF62A7A} = {827E0CD3-B72D-47B6-A68D-7590B98EB39B}
		{94FB4256-327E-470F-A8CA-AD163C83BC25} = {827E0CD3-B72D-47B6-A68D-7590B98EB39B}
		{46F642A1-7C1F-414F-8B30-0A2D80F73A17} = {827E0CD3-B72D-47B6-A68D-7590B98EB39B}
		{989352A6-E5E7-48E0-9EF0-5BB209105EC7} = {0AB3BF05-4346-4AA6-1389-037BE0695223}
		{1163C209-EA88-4041-8322-6676A188D784} = {0AB3BF05-4346-4AA6-1389-037BE0695223}
		{605FC8AB-AD84-4B73-8600-7935BD4B5D63} = {0AB3BF05-4346-4AA6-1389-037BE0695223}
	EndGlobalSection
	GlobalSection(ExtensibilityGlobals) = postSolution
		SolutionGuid = {B03AAE66-9B25-4ABD-A9F7-3D017F19B5DB}
	EndGlobalSection
EndGlobal
